
Microsoft Visual Studio Solution File, Format Version 12.00
# Visual Studio Version 17
VisualStudioVersion = 17.1.32210.238
MinimumVisualStudioVersion = 10.0.40219.1
Project("{FAE04EC0-301F-11D3-BF4B-00C04F79EFBC}") = "NemanjaZivkovic_CRUD", "NemanjaZivkovic_CRUD\NemanjaZivkovic_CRUD.csproj", "{52954633-A97A-42F0-AB66-2D5527F6A39D}"
EndProject
Global
	GlobalSection(SolutionConfigurationPlatforms) = preSolution
		Debug|Any CPU = Debug|Any CPU
		Release|Any CPU = Release|Any CPU
	EndGlobalSection
	GlobalSection(ProjectConfigurationPlatforms) = postSolution
		{52954633-A97A-42F0-AB66-2D5527F6A39D}.Debug|Any CPU.ActiveCfg = Debug|Any CPU
		{52954633-A97A-42F0-AB66-2D5527F6A39D}.Debug|Any CPU.Build.0 = Debug|Any CPU
		{52954633-A97A-42F0-AB66-2D5527F6A39D}.Release|Any CPU.ActiveCfg = Release|Any CPU
		{52954633-A97A-42F0-AB66-2D5527F6A39D}.Release|Any CPU.Build.0 = Release|Any CPU
	EndGlobalSection
	GlobalSection(SolutionProperties) = preSolution
		HideSolutionNode = FALSE
	EndGlobalSection
	GlobalSection(ExtensibilityGlobals) = postSolution
		SolutionGuid = {1BFB14C3-7A2D-4290-89A9-8131D1E91272}
	EndGlobalSection
EndGlobal
